
Microsoft Visual Studio Solution File, Format Version 12.00
# Visual Studio Version 17
VisualStudioVersion = 17.2.32602.215
MinimumVisualStudioVersion = 10.0.40219.1
Project("{FAE04EC0-301F-11D3-BF4B-00C04F79EFBC}") = "retangulo", "retangulo\retangulo.csproj", "{B1712601-B3B4-4EBB-9077-E1A269F138A0}"
EndProject
Global
	GlobalSection(SolutionConfigurationPlatforms) = preSolution
		Debug|Any CPU = Debug|Any CPU
		Release|Any CPU = Release|Any CPU
	EndGlobalSection
	GlobalSection(ProjectConfigurationPlatforms) = postSolution
		{B1712601-B3B4-4EBB-9077-E1A269F138A0}.Debug|Any CPU.ActiveCfg = Debug|Any CPU
		{B1712601-B3B4-4EBB-9077-E1A269F138A0}.Debug|Any CPU.Build.0 = Debug|Any CPU
		{B1712601-B3B4-4EBB-9077-E1A269F138A0}.Release|Any CPU.ActiveCfg = Release|Any CPU
		{B1712601-B3B4-4EBB-9077-E1A269F138A0}.Release|Any CPU.Build.0 = Release|Any CPU
	EndGlobalSection
	GlobalSection(SolutionProperties) = preSolution
		HideSolutionNode = FALSE
	EndGlobalSection
	GlobalSection(ExtensibilityGlobals) = postSolution
		SolutionGuid = {47D12439-1F17-4CD2-8F3B-415FD965BAFD}
	EndGlobalSection
EndGlobal
